
Microsoft Visual Studio Solution File, Format Version 12.00
Project("{FAE04EC0-301F-11D3-BF4B-00C04F79EFBC}") = "Project-POO", "Project-POO\Project-POO.csproj", "{B474CD99-2516-40F3-8027-65498EC52A10}"
EndProject
Global
	GlobalSection(SolutionConfigurationPlatforms) = preSolution
		Debug|Any CPU = Debug|Any CPU
		Release|Any CPU = Release|Any CPU
	EndGlobalSection
	GlobalSection(ProjectConfigurationPlatforms) = postSolution
		{B474CD99-2516-40F3-8027-65498EC52A10}.Debug|Any CPU.ActiveCfg = Debug|Any CPU
		{B474CD99-2516-40F3-8027-65498EC52A10}.Debug|Any CPU.Build.0 = Debug|Any CPU
		{B474CD99-2516-40F3-8027-65498EC52A10}.Release|Any CPU.ActiveCfg = Release|Any CPU
		{B474CD99-2516-40F3-8027-65498EC52A10}.Release|Any CPU.Build.0 = Release|Any CPU
	EndGlobalSection
EndGlobal
